
Microsoft Visual Studio Solution File, Format Version 12.00
# Visual Studio Version 17
VisualStudioVersion = 17.6.33815.320
MinimumVisualStudioVersion = 10.0.40219.1
Project("{FAE04EC0-301F-11D3-BF4B-00C04F79EFBC}") = "Pos Coffee Tron", "Pos Coffee Tron\Pos Coffee Tron.csproj", "{496CBEC1-77CD-4BBD-879C-C52E38D54F6C}"
EndProject
Global
	GlobalSection(SolutionConfigurationPlatforms) = preSolution
		Debug|Any CPU = Debug|Any CPU
		Release|Any CPU = Release|Any CPU
	EndGlobalSection
	GlobalSection(ProjectConfigurationPlatforms) = postSolution
		{496CBEC1-77CD-4BBD-879C-C52E38D54F6C}.Debug|Any CPU.ActiveCfg = Debug|Any CPU
		{496CBEC1-77CD-4BBD-879C-C52E38D54F6C}.Debug|Any CPU.Build.0 = Debug|Any CPU
		{496CBEC1-77CD-4BBD-879C-C52E38D54F6C}.Release|Any CPU.ActiveCfg = Release|Any CPU
		{496CBEC1-77CD-4BBD-879C-C52E38D54F6C}.Release|Any CPU.Build.0 = Release|Any CPU
	EndGlobalSection
	GlobalSection(SolutionProperties) = preSolution
		HideSolutionNode = FALSE
	EndGlobalSection
	GlobalSection(ExtensibilityGlobals) = postSolution
		SolutionGuid = {2035224F-5669-4212-9751-649F6BD8EF74}
	EndGlobalSection
EndGlobal
